
Microsoft Visual Studio Solution File, Format Version 12.00
# Visual Studio Version 17
VisualStudioVersion = 17.2.32516.85
MinimumVisualStudioVersion = 10.0.40219.1
Project("{9A19103F-16F7-4668-BE54-9A1E7A4F7556}") = "BookList", "BookList\BookList.csproj", "{CF5D38C7-D9B8-4DA0-88CC-6029CE85D4CD}"
EndProject
Global
	GlobalSection(SolutionConfigurationPlatforms) = preSolution
		Debug|Any CPU = Debug|Any CPU
		Release|Any CPU = Release|Any CPU
	EndGlobalSection
	GlobalSection(ProjectConfigurationPlatforms) = postSolution
		{CF5D38C7-D9B8-4DA0-88CC-6029CE85D4CD}.Debug|Any CPU.ActiveCfg = Debug|Any CPU
		{CF5D38C7-D9B8-4DA0-88CC-6029CE85D4CD}.Debug|Any CPU.Build.0 = Debug|Any CPU
		{CF5D38C7-D9B8-4DA0-88CC-6029CE85D4CD}.Release|Any CPU.ActiveCfg = Release|Any CPU
		{CF5D38C7-D9B8-4DA0-88CC-6029CE85D4CD}.Release|Any CPU.Build.0 = Release|Any CPU
	EndGlobalSection
	GlobalSection(SolutionProperties) = preSolution
		HideSolutionNode = FALSE
	EndGlobalSection
	GlobalSection(ExtensibilityGlobals) = postSolution
		SolutionGuid = {1C7C458C-A0E6-4D84-BDC2-9ACA1B869398}
	EndGlobalSection
EndGlobal
